hash: f77cb6aeea25f71d9d12552eb3cc77340c41e6de6144ebe642c816ee3d471873
updated: 2018-08-23T14:35:28.270237-07:00
imports:
- name: github.com/aerospike/aerospike-client-go
  version: 1217472956468973eac546b0f69430e81c7ef811
  subpackages:
  - internal/lua
  - internal/lua/resources
  - logger
  - pkg/bcrypt
  - pkg/ripemd160
  - types
  - types/atomic
  - types/particle_type
  - types/rand
  - utils/buffer
- name: github.com/btcsuite/btcd
  version: d81d8877b8f327112e94e814937143a71d1692a7
  subpackages:
  - btcec
- name: github.com/buger/jsonparser
  version: f4dd9f5a6b441265aefc1d44872a6f8c10f42b37
- name: github.com/davecgh/go-spew
  version: 8991bc29aa16c548c550c7ff78260e27b9ab7c73
  subpackages:
  - spew
- name: github.com/fsnotify/fsnotify
  version: c2828203cd70a50dcccfb2761f8b1f8ceef9a8e9
- name: github.com/go-stack/stack
  version: 259ab82a6cad3992b4e21ff5cac294ccb06474bc
- name: github.com/golang/snappy
  version: d9eb7a3d35ec988b8585d4a0068e462c27d28380
- name: github.com/hashicorp/hcl
  version: ef8a98b0bbce4a65b5aa4c368430a80ddc533168
  subpackages:
  - hcl/ast
  - hcl/parser
  - hcl/printer
  - hcl/scanner
  - hcl/strconv
  - hcl/token
  - json/parser
  - json/scanner
  - json/token
- name: github.com/influxdata/influxdb
  version: 5766854b95ae86cccf6cc8ffe4c5bb9eacc994b8
  subpackages:
  - client
  - models
  - pkg/escape
- name: github.com/magiconair/properties
  version: c2353362d570a7bfa228149c62842019201cfb71
- name: github.com/mitchellh/mapstructure
  version: f15292f7a699fcc1a38a80977f80a046874ba8ac
- name: github.com/mongodb/mongo-go-driver
  version: 9b26cbb1a61aaedd6160e99c41fa514b04a1a245
  subpackages:
  - bson
  - bson/builder
  - bson/decimal
  - bson/elements
  - bson/objectid
  - bson/parser
  - bson/parser/ast
  - core/address
  - core/auth
  - core/auth/internal/gssapi
  - core/command
  - core/compressor
  - core/connection
  - core/connstring
  - core/description
  - core/dispatch
  - core/event
  - core/option
  - core/readconcern
  - core/readpref
  - core/result
  - core/session
  - core/tag
  - core/topology
  - core/uuid
  - core/version
  - core/wiremessage
  - core/writeconcern
  - internal
  - mongo
  - mongo/aggregateopt
  - mongo/changestreamopt
  - mongo/clientopt
  - mongo/collectionopt
  - mongo/countopt
  - mongo/dbopt
  - mongo/deleteopt
  - mongo/distinctopt
  - mongo/dropcollopt
  - mongo/findopt
  - mongo/indexopt
  - mongo/insertopt
  - mongo/listcollectionopt
  - mongo/listdbopt
  - mongo/mongoopt
  - mongo/replaceopt
  - mongo/runcmdopt
  - mongo/sessionopt
  - mongo/updateopt
- name: github.com/pelletier/go-toml
  version: c2dbbc24a97911339e01bda0b8cabdbd8f13b602
- name: github.com/pkg/errors
  version: 816c9085562cd7ee03e7f8188a1cfd942858cded
- name: github.com/pmezard/go-difflib
  version: 792786c7400a136282c1664665ae0a8db921c6c2
  subpackages:
  - difflib
- name: github.com/sirupsen/logrus
  version: 3e01752db0189b9157070a0e1668a620f9a85da2
- name: github.com/spf13/afero
  version: 787d034dfe70e44075ccc060d346146ef53270ad
  subpackages:
  - mem
- name: github.com/spf13/cast
  version: 8965335b8c7107321228e3e3702cab9832751bac
- name: github.com/spf13/jwalterweatherman
  version: 14d3d4c518341bea657dd8a226f5121c0ff8c9f2
- name: github.com/spf13/pflag
  version: d929dcbb10863323c436af3cf76cb16a6dfc9b29
- name: github.com/spf13/viper
  version: 907c19d40d9a6c9bb55f040ff4ae45271a4754b9
- name: github.com/stretchr/testify
  version: f35b8ab0b5a2cef36673838d662e249dd9c94686
  subpackages:
  - assert
  - require
- name: github.com/syndtr/goleveldb
  version: ae2bd5eed72d46b28834ec3f60db3a3ebedd8dbd
  subpackages:
  - leveldb
  - leveldb/cache
  - leveldb/comparer
  - leveldb/errors
  - leveldb/filter
  - leveldb/iterator
  - leveldb/journal
  - leveldb/memdb
  - leveldb/opt
  - leveldb/storage
  - leveldb/table
  - leveldb/util
- name: github.com/yuin/gopher-lua
  version: e1787a11979853335568be2967295c00e72b88ed
  subpackages:
  - ast
  - parse
  - pm
- name: golang.org/x/crypto
  version: c3a3ad6d03f7a915c0f7e194b7152974bb73d287
  subpackages:
  - pbkdf2
  - ssh/terminal
- name: golang.org/x/net
  version: 92b859f39abd2d91a854c9f9c4621b2f5054a92d
  subpackages:
  - context
- name: golang.org/x/sync
  version: 1d60e4601c6fd243af51cc01ddf169918a5407ca
  subpackages:
  - semaphore
- name: golang.org/x/sys
  version: d8e400bc7db4870d786864138af681469693d18c
  subpackages:
  - unix
  - windows
- name: golang.org/x/text
  version: f21a4dfb5e38f5895301dc265a8def02365cc3d0
  subpackages:
  - transform
  - unicode/norm
- name: gopkg.in/karalabe/cookiejar.v2
  version: 8dcd6a7f4951f6ff3ee9cbb919a06d8925822e57
  subpackages:
  - collections/prque
- name: gopkg.in/mgo.v2
  version: 9856a29383ce1c59f308dd1cf0363a79b5bef6b5
  subpackages:
  - bson
  - internal/json
  - internal/sasl
  - internal/scram
- name: gopkg.in/yaml.v2
  version: 5420a8b6744d3b0345ab293f6fcba19c978f1183
testImports:
- name: github.com/kr/pretty
  version: 73f6ac0b30a98e433b289500d779f50c1a6f0712
- name: github.com/kr/text
  version: e2ffdb16a802fe2bb95e2e35ff34f0e53aeef34f
- name: gopkg.in/check.v1
  version: 788fd78401277ebd861206a03c884797c6ec5541
