hash: 730ae671e081b7b9e063feeffd09d45f009b1363ef2d839f1ca8f611a2b19f12
updated: 2018-11-08T18:22:11.70424355-08:00
imports:
- name: github.com/aerospike/aerospike-client-go
  version: e68a0fcdfba08afc0a03c8bf27778de1280dd15a
  subpackages:
  - internal/lua
  - internal/lua/resources
  - logger
  - pkg/bcrypt
  - pkg/ripemd160
  - types
  - types/atomic
  - types/particle_type
  - types/rand
  - utils/buffer
- name: github.com/AndreasBriese/bbloom
  version: 343706a395b76e5ca5c7dca46a5d937b48febc74
- name: github.com/bgentry/speakeasy
  version: 4aabc24848ce5fd31929f7d1e4ea74d3709c14cd
- name: github.com/davecgh/go-spew
  version: d8f796af33cc11cb798c1aaeb27a4ebc5099927d
  subpackages:
  - spew
- name: github.com/dgraph-io/badger
  version: 42bf5956793c51d2476520fe707cb584d58b2311
  subpackages:
  - options
  - protos
  - skl
  - table
  - "y"
- name: github.com/cpuguy83/go-md2man
  version: 691ee98543af2f262f35fbb54bdd42f00b9b9cc5
  subpackages:
  - md2man
- name: github.com/dgryski/go-farm
  version: 2de33835d10275975374b37b2dcfd22c9020a1f5
- name: github.com/fsnotify/fsnotify
  version: ccc981bf80385c528a65fbfdd49bf2d8da22aa23
- name: github.com/go-stack/stack
  version: 2fee6af1a9795aafbe0253a0cfbdf668e1fb8a9a
- name: github.com/golang/protobuf
  version: b4deda0973fb4c70b50d226b1af49f3da59f5265
  subpackages:
  - proto
- name: github.com/golang/snappy
  version: d9eb7a3d35ec988b8585d4a0068e462c27d28380
- name: github.com/google/uuid
  version: 9b3b1e0f5f99ae461456d768e7d301a7acdaa2d8
- name: github.com/gorilla/context
  version: 08b5f424b9271eedf6f9f0ce86cb9396ed337a42
- name: github.com/gorilla/handlers
  version: 90663712d74cb411cbef281bc1e08c19d1a76145
- name: github.com/gorilla/mux
  version: e3702bed27f0d39777b0b37b664b6280e8ef8fbf
- name: github.com/gorilla/rpc
  version: 5c1378103183095acc1b9289ac1475e3bc1e818e
  subpackages:
  - v2
  - v2/json2
- name: github.com/hashicorp/hcl
  version: 8cb6e5b959231cc1119e43259c4a608f9c51a241
  subpackages:
  - hcl/ast
  - hcl/parser
  - hcl/printer
  - hcl/scanner
  - hcl/strconv
  - hcl/token
  - json/parser
  - json/scanner
  - json/token
- name: github.com/inconshreveable/mousetrap
  version: 76626ae9c91c4f2a10f34cad8ce83ea42c93bb75
- name: github.com/influxdata/influxdb
  version: dac4c6f571662c63dc0d73346787b8c7f113222a
  subpackages:
  - client
  - models
  - pkg/escape
- name: github.com/influxdata/platform
  version: 6b57c7ded0b04f9ba7a6e819d2fee1f1a3bed614
  subpackages:
  - models
  - pkg/escape
- name: github.com/karalabe/hid
  version: 2b4488a37358b7283de4f9622553e85ebbe73125
- name: github.com/konsorten/go-windows-terminal-sequences
  version: b729f2633dfe35f4d1d8a32385f6685610ce1cb5
- name: github.com/magiconair/properties
  version: c2353362d570a7bfa228149c62842019201cfb71
- name: github.com/mattn/go-colorable
  version: efa589957cd060542a26d2dd7832fd6a6c6c3ade
- name: github.com/mattn/go-isatty
  version: 6ca4dbf54d38eea1a992b3c722a76a5d1c4cb25c
- name: github.com/mgutz/ansi
  version: 9520e82c474b0a04dd04f8a40959027271bab992
- name: github.com/mitchellh/go-homedir
  version: ae18d6b8b3205b561c79e8e5f69bff09736185f4
- name: github.com/mitchellh/mapstructure
  version: fa473d140ef3c6adf42d6b391fe76707f1f243c8
- name: github.com/mongodb/mongo-go-driver
  version: 8db96a607cde2fea156d9a72c26aa09271592591
  subpackages:
  - bson
  - bson/bsoncodec
  - bson/bsoncore
  - bson/bsonrw
  - bson/bsontype
  - bson/decimal
  - bson/elements
  - bson/objectid
  - bson/parser
  - bson/parser/ast
  - core/address
  - core/auth
  - core/auth/internal/gssapi
  - core/command
  - core/compressor
  - core/connection
  - core/connstring
  - core/description
  - core/dispatch
  - core/event
  - core/option
  - core/readconcern
  - core/readpref
  - core/result
  - core/session
  - core/tag
  - core/topology
  - core/uuid
  - core/version
  - core/wiremessage
  - core/writeconcern
  - internal
  - mongo
  - mongo/aggregateopt
  - mongo/bulkwriteopt
  - mongo/changestreamopt
  - mongo/clientopt
  - mongo/collectionopt
  - mongo/countopt
  - mongo/dbopt
  - mongo/deleteopt
  - mongo/distinctopt
  - mongo/dropcollopt
  - mongo/findopt
  - mongo/indexopt
  - mongo/insertopt
  - mongo/listcollectionopt
  - mongo/listdbopt
  - mongo/mongoopt
  - mongo/replaceopt
  - mongo/runcmdopt
  - mongo/sessionopt
  - mongo/transactionopt
  - mongo/updateopt
- name: github.com/pborman/uuid
  version: adf5a7427709b9deb95d29d3fa8a2bf9cfd388f1
- name: github.com/pelletier/go-toml
  version: c2dbbc24a97911339e01bda0b8cabdbd8f13b602
- name: github.com/pkg/errors
  version: 816c9085562cd7ee03e7f8188a1cfd942858cded
- name: github.com/pmezard/go-difflib
  version: 792786c7400a136282c1664665ae0a8db921c6c2
  subpackages:
  - difflib
- name: github.com/sirupsen/logrus
  version: bcd833dfe83d3cebad139e4a29ed79cb2318bf95
- name: github.com/spf13/afero
  version: 787d034dfe70e44075ccc060d346146ef53270ad
  subpackages:
  - mem
- name: github.com/spf13/cast
  version: 8965335b8c7107321228e3e3702cab9832751bac
- name: github.com/spf13/cobra
  version: ef82de70bb3f60c65fb8eebacbb2d122ef517385
  subpackages:
  - cobra
- name: github.com/spf13/jwalterweatherman
  version: 14d3d4c518341bea657dd8a226f5121c0ff8c9f2
- name: github.com/spf13/pflag
  version: 298182f68c66c05229eb03ac171abe6e309ee79a
- name: github.com/spf13/viper
  version: 2c12c60302a5a0e62ee102ca9bc996277c2f64f5
- name: github.com/stretchr/testify
  version: f35b8ab0b5a2cef36673838d662e249dd9c94686
  subpackages:
  - assert
  - require
- name: github.com/syndtr/goleveldb
  version: ae2bd5eed72d46b28834ec3f60db3a3ebedd8dbd
  subpackages:
  - leveldb
  - leveldb/cache
  - leveldb/comparer
  - leveldb/errors
  - leveldb/filter
  - leveldb/iterator
  - leveldb/journal
  - leveldb/memdb
  - leveldb/opt
  - leveldb/storage
  - leveldb/table
  - leveldb/util
- name: github.com/xdg/scram
  version: 7eeb5667e42c09cb51bf7b7c28aea8c56767da90
- name: github.com/xdg/stringprep
  version: 73f8eece6fdcd902c185bf651de50f3828bed5ed
- name: github.com/ybbus/jsonrpc
  version: 649ede3181b7a6d7329afc6612b494434c641499
- name: github.com/yuin/gopher-lua
  version: b942cacc89fe49895d145e8b360612a9a51d0423
  subpackages:
  - ast
  - parse
  - pm
- name: golang.org/x/crypto
  version: c3a3ad6d03f7a915c0f7e194b7152974bb73d287
  subpackages:
  - pbkdf2
  - ripemd160
  - scrypt
  - ssh/terminal
- name: golang.org/x/net
  version: 92b859f39abd2d91a854c9f9c4621b2f5054a92d
  subpackages:
  - context
  - internal/timeseries
  - netutil
  - trace
- name: golang.org/x/sync
  version: 1d60e4601c6fd243af51cc01ddf169918a5407ca
  subpackages:
  - semaphore
- name: golang.org/x/sys
  version: 4ed8d59d0b35e1e29334a206d1b3f38b1e5dfb31
  subpackages:
  - unix
  - windows
  - cpu
- name: golang.org/x/text
  version: f21a4dfb5e38f5895301dc265a8def02365cc3d0
  subpackages:
  - transform
  - unicode/norm
- name: gopkg.in/karalabe/cookiejar.v2
  version: 8dcd6a7f4951f6ff3ee9cbb919a06d8925822e57
  subpackages:
  - collections/prque
- name: gopkg.in/mgo.v2
  version: 9856a29383ce1c59f308dd1cf0363a79b5bef6b5
  subpackages:
  - bson
  - internal/json
  - internal/sasl
  - internal/scram
- name: gopkg.in/yaml.v2
  version: 5420a8b6744d3b0345ab293f6fcba19c978f1183
- name: github.com/hashicorp/golang-lru
  version: 7087cb70de9f7a8bc0a10c375cb0d2280a8edf9c
testImports:
- name: github.com/kr/pretty
  version: 73f6ac0b30a98e433b289500d779f50c1a6f0712
- name: github.com/kr/text
  version: e2ffdb16a802fe2bb95e2e35ff34f0e53aeef34f
- name: gopkg.in/check.v1
  version: 788fd78401277ebd861206a03c884797c6ec5541
- name: github.com/aws/aws-sdk-go
  version: ddc06f9fad886ea5daa5f828f3ca094084f8c2a7
- name: github.com/phoreproject/bls
  version: da95d4798b09e9f45a29dc53124b2a0b4c1dfc13
